
Microsoft Visual Studio Solution File, Format Version 12.00
# Visual Studio Version 17
VisualStudioVersion = 17.8.34525.116
MinimumVisualStudioVersion = 10.0.40219.1
Project("{FAE04EC0-301F-11D3-BF4B-00C04F79EFBC}") = "Flavorfy.BE", "Flavorfy.BE\Flavorfy.BE.csproj", "{3D49DC22-B551-40B0-A32C-5DDFFC6EB4ED}"
EndProject
Global
	GlobalSection(SolutionConfigurationPlatforms) = preSolution
		Debug|Any CPU = Debug|Any CPU
		Release|Any CPU = Release|Any CPU
	EndGlobalSection
	GlobalSection(ProjectConfigurationPlatforms) = postSolution
		{3D49DC22-B551-40B0-A32C-5DDFFC6EB4ED}.Debug|Any CPU.ActiveCfg = Debug|Any CPU
		{3D49DC22-B551-40B0-A32C-5DDFFC6EB4ED}.Debug|Any CPU.Build.0 = Debug|Any CPU
		{3D49DC22-B551-40B0-A32C-5DDFFC6EB4ED}.Release|Any CPU.ActiveCfg = Release|Any CPU
		{3D49DC22-B551-40B0-A32C-5DDFFC6EB4ED}.Release|Any CPU.Build.0 = Release|Any CPU
	EndGlobalSection
	GlobalSection(SolutionProperties) = preSolution
		HideSolutionNode = FALSE
	EndGlobalSection
	GlobalSection(ExtensibilityGlobals) = postSolution
		SolutionGuid = {96652A57-83A9-4E7F-9F0F-144E39A4D7D3}
	EndGlobalSection
EndGlobal
